
Microsoft Visual Studio Solution File, Format Version 12.00
# Visual Studio Version 16
VisualStudioVersion = 16.0.31005.135
MinimumVisualStudioVersion = 10.0.40219.1
Project("{8BC9CEB8-8B4A-11D0-8D11-00A0C91BC942}") = "GamePrograming 3 9", "GamePrograming 3 9\GamePrograming 3 9.vcxproj", "{9647A7EF-04D0-4753-830E-94D3E85A557A}"
EndProject
Project("{8BC9CEB8-8B4A-11D0-8D11-00A0C91BC942}") = "BEEEEEEEEEEEEEP", "BEEEEEEEEEEEEEP\BEEEEEEEEEEEEEP.vcxproj", "{24307D70-D45F-4A42-B5CE-FE80E4164969}"
EndProject
Project("{8BC9CEB8-8B4A-11D0-8D11-00A0C91BC942}") = "GamePrograming 3 16", "GamePrograming 3 16\GamePrograming 3 16.vcxproj", "{0BC67D6A-5C21-484F-8486-3FBDFFD916EE}"
EndProject
Project("{8BC9CEB8-8B4A-11D0-8D11-00A0C91BC942}") = "GamePrograming 3 23", "GamePrograming 3 23\GamePrograming 3 23.vcxproj", "{6CDFFF3D-728D-4C2A-B3B6-9D6CE921B4F9}"
EndProject
Project("{8BC9CEB8-8B4A-11D0-8D11-00A0C91BC942}") = "GamePrograming 4 6", "GamePrograming 4 6\GamePrograming 4 6.vcxproj", "{85CA4A40-10E5-470C-9357-097E0090FBAC}"
EndProject
Project("{8BC9CEB8-8B4A-11D0-8D11-00A0C91BC942}") = "GamePrograming 4 13", "GamePrograming 4 13\GamePrograming 4 13.vcxproj", "{1CC3FB02-8A6F-4998-B848-F07E321F145B}"
EndProject
Project("{8BC9CEB8-8B4A-11D0-8D11-00A0C91BC942}") = "GamePrograming 4 27", "GamePrograming 4 27\GamePrograming 4 27.vcxproj", "{2F312A4E-4768-4106-B6AA-F1EA96504ED3}"
EndProject
Project("{8BC9CEB8-8B4A-11D0-8D11-00A0C91BC942}") = "2D Shooting Project", "2D Shooting Project\2D Shooting Project.vcxproj", "{8F98CF0E-E752-4493-8434-5746FB070D0F}"
EndProject
Project("{8BC9CEB8-8B4A-11D0-8D11-00A0C91BC942}") = "GamePrograming 5 4", "GamePrograming 5 4\GamePrograming 5 4.vcxproj", "{C403F4E3-CED5-48D2-BB3A-11FB46674125}"
EndProject
Project("{8BC9CEB8-8B4A-11D0-8D11-00A0C91BC942}") = "GamePrograming 5 11", "GamePrograming 5 11\GamePrograming 5 11.vcxproj", "{5A3029F4-6336-4DC0-882D-29213F963ED1}"
EndProject
Project("{8BC9CEB8-8B4A-11D0-8D11-00A0C91BC942}") = "GamePrograming 5 18", "GamePrograming 5 18\GamePrograming 5 18.vcxproj", "{A38CC109-8507-4A98-BC4F-7A6C962FC6F4}"
EndProject
Project("{8BC9CEB8-8B4A-11D0-8D11-00A0C91BC942}") = "2D Shooting Project Server", "2D Shooting Project Server\2D Shooting Project Server.vcxproj", "{D45E8F15-E066-488F-8B24-99010B2C3DAA}"
EndProject
Project("{8BC9CEB8-8B4A-11D0-8D11-00A0C91BC942}") = "GamePrograming 5 25", "GamePrograming 5 25\GamePrograming 5 25.vcxproj", "{EF0A502B-A5FF-4BD8-BF31-DB86F3064EDE}"
EndProject
Project("{8BC9CEB8-8B4A-11D0-8D11-00A0C91BC942}") = "GamePrograming 6 1", "GamePrograming 6 1\GamePrograming 6 1.vcxproj", "{1DC031BE-DD24-4B1A-8D26-DC085D91625F}"
EndProject
Project("{8BC9CEB8-8B4A-11D0-8D11-00A0C91BC942}") = "GamePrograming 6 15", "GamePrograming 6 15\GamePrograming 6 15.vcxproj", "{8D6D2BA3-1641-4A56-8844-C1043D77536A}"
EndProject
Project("{8BC9CEB8-8B4A-11D0-8D11-00A0C91BC942}") = "GamePrograming 6 29", "GamePrograming 6 29\GamePrograming 6 29.vcxproj", "{6C373BDC-4739-42C3-B1E5-A4695C952ECF}"
EndProject
Global
	GlobalSection(SolutionConfigurationPlatforms) = preSolution
		Debug|x64 = Debug|x64
		Debug|x86 = Debug|x86
		Release|x64 = Release|x64
		Release|x86 = Release|x86
	EndGlobalSection
	GlobalSection(ProjectConfigurationPlatforms) = postSolution
		{9647A7EF-04D0-4753-830E-94D3E85A557A}.Debug|x64.ActiveCfg = Debug|x64
		{9647A7EF-04D0-4753-830E-94D3E85A557A}.Debug|x64.Build.0 = Debug|x64
		{9647A7EF-04D0-4753-830E-94D3E85A557A}.Debug|x86.ActiveCfg = Debug|Win32
		{9647A7EF-04D0-4753-830E-94D3E85A557A}.Debug|x86.Build.0 = Debug|Win32
		{9647A7EF-04D0-4753-830E-94D3E85A557A}.Release|x64.ActiveCfg = Release|x64
		{9647A7EF-04D0-4753-830E-94D3E85A557A}.Release|x64.Build.0 = Release|x64
		{9647A7EF-04D0-4753-830E-94D3E85A557A}.Release|x86.ActiveCfg = Release|Win32
		{9647A7EF-04D0-4753-830E-94D3E85A557A}.Release|x86.Build.0 = Release|Win32
		{24307D70-D45F-4A42-B5CE-FE80E4164969}.Debug|x64.ActiveCfg = Debug|x64
		{24307D70-D45F-4A42-B5CE-FE80E4164969}.Debug|x64.Build.0 = Debug|x64
		{24307D70-D45F-4A42-B5CE-FE80E4164969}.Debug|x86.ActiveCfg = Debug|Win32
		{24307D70-D45F-4A42-B5CE-FE80E4164969}.Debug|x86.Build.0 = Debug|Win32
		{24307D70-D45F-4A42-B5CE-FE80E4164969}.Release|x64.ActiveCfg = Release|x64
		{24307D70-D45F-4A42-B5CE-FE80E4164969}.Release|x64.Build.0 = Release|x64
		{24307D70-D45F-4A42-B5CE-FE80E4164969}.Release|x86.ActiveCfg = Release|Win32
		{24307D70-D45F-4A42-B5CE-FE80E4164969}.Release|x86.Build.0 = Release|Win32
		{0BC67D6A-5C21-484F-8486-3FBDFFD916EE}.Debug|x64.ActiveCfg = Debug|x64
		{0BC67D6A-5C21-484F-8486-3FBDFFD916EE}.Debug|x64.Build.0 = Debug|x64
		{0BC67D6A-5C21-484F-8486-3FBDFFD916EE}.Debug|x86.ActiveCfg = Debug|Win32
		{0BC67D6A-5C21-484F-8486-3FBDFFD916EE}.Debug|x86.Build.0 = Debug|Win32
		{0BC67D6A-5C21-484F-8486-3FBDFFD916EE}.Release|x64.ActiveCfg = Release|x64
		{0BC67D6A-5C21-484F-8486-3FBDFFD916EE}.Release|x64.Build.0 = Release|x64
		{0BC67D6A-5C21-484F-8486-3FBDFFD916EE}.Release|x86.ActiveCfg = Release|Win32
		{0BC67D6A-5C21-484F-8486-3FBDFFD916EE}.Release|x86.Build.0 = Release|Win32
		{6CDFFF3D-728D-4C2A-B3B6-9D6CE921B4F9}.Debug|x64.ActiveCfg = Debug|x64
		{6CDFFF3D-728D-4C2A-B3B6-9D6CE921B4F9}.Debug|x64.Build.0 = Debug|x64
		{6CDFFF3D-728D-4C2A-B3B6-9D6CE921B4F9}.Debug|x86.ActiveCfg = Debug|Win32
		{6CDFFF3D-728D-4C2A-B3B6-9D6CE921B4F9}.Debug|x86.Build.0 = Debug|Win32
		{6CDFFF3D-728D-4C2A-B3B6-9D6CE921B4F9}.Release|x64.ActiveCfg = Release|x64
		{6CDFFF3D-728D-4C2A-B3B6-9D6CE921B4F9}.Release|x64.Build.0 = Release|x64
		{6CDFFF3D-728D-4C2A-B3B6-9D6CE921B4F9}.Release|x86.ActiveCfg = Release|Win32
		{6CDFFF3D-728D-4C2A-B3B6-9D6CE921B4F9}.Release|x86.Build.0 = Release|Win32
		{85CA4A40-10E5-470C-9357-097E0090FBAC}.Debug|x64.ActiveCfg = Debug|x64
		{85CA4A40-10E5-470C-9357-097E0090FBAC}.Debug|x64.Build.0 = Debug|x64
		{85CA4A40-10E5-470C-9357-097E0090FBAC}.Debug|x86.ActiveCfg = Debug|Win32
		{85CA4A40-10E5-470C-9357-097E0090FBAC}.Debug|x86.Build.0 = Debug|Win32
		{85CA4A40-10E5-470C-9357-097E0090FBAC}.Release|x64.ActiveCfg = Release|x64
		{85CA4A40-10E5-470C-9357-097E0090FBAC}.Release|x64.Build.0 = Release|x64
		{85CA4A40-10E5-470C-9357-097E0090FBAC}.Release|x86.ActiveCfg = Release|Win32
		{85CA4A40-10E5-470C-9357-097E0090FBAC}.Release|x86.Build.0 = Release|Win32
		{1CC3FB02-8A6F-4998-B848-F07E321F145B}.Debug|x64.ActiveCfg = Debug|x64
		{1CC3FB02-8A6F-4998-B848-F07E321F145B}.Debug|x64.Build.0 = Debug|x64
		{1CC3FB02-8A6F-4998-B848-F07E321F145B}.Debug|x86.ActiveCfg = Debug|Win32
		{1CC3FB02-8A6F-4998-B848-F07E321F145B}.Debug|x86.Build.0 = Debug|Win32
		{1CC3FB02-8A6F-4998-B848-F07E321F145B}.Release|x64.ActiveCfg = Release|x64
		{1CC3FB02-8A6F-4998-B848-F07E321F145B}.Release|x64.Build.0 = Release|x64
		{1CC3FB02-8A6F-4998-B848-F07E321F145B}.Release|x86.ActiveCfg = Release|Win32
		{1CC3FB02-8A6F-4998-B848-F07E321F145B}.Release|x86.Build.0 = Release|Win32
		{2F312A4E-4768-4106-B6AA-F1EA96504ED3}.Debug|x64.ActiveCfg = Debug|x64
		{2F312A4E-4768-4106-B6AA-F1EA96504ED3}.Debug|x64.Build.0 = Debug|x64
		{2F312A4E-4768-4106-B6AA-F1EA96504ED3}.Debug|x86.ActiveCfg = Debug|Win32
		{2F312A4E-4768-4106-B6AA-F1EA96504ED3}.Debug|x86.Build.0 = Debug|Win32
		{2F312A4E-4768-4106-B6AA-F1EA96504ED3}.Release|x64.ActiveCfg = Release|x64
		{2F312A4E-4768-4106-B6AA-F1EA96504ED3}.Release|x64.Build.0 = Release|x64
		{2F312A4E-4768-4106-B6AA-F1EA96504ED3}.Release|x86.ActiveCfg = Release|Win32
		{2F312A4E-4768-4106-B6AA-F1EA96504ED3}.Release|x86.Build.0 = Release|Win32
		{8F98CF0E-E752-4493-8434-5746FB070D0F}.Debug|x64.ActiveCfg = Debug|x64
		{8F98CF0E-E752-4493-8434-5746FB070D0F}.Debug|x64.Build.0 = Debug|x64
		{8F98CF0E-E752-4493-8434-5746FB070D0F}.Debug|x86.ActiveCfg = Debug|Win32
		{8F98CF0E-E752-4493-8434-5746FB070D0F}.Debug|x86.Build.0 = Debug|Win32
		{8F98CF0E-E752-4493-8434-5746FB070D0F}.Release|x64.ActiveCfg = Release|x64
		{8F98CF0E-E752-4493-8434-5746FB070D0F}.Release|x64.Build.0 = Release|x64
		{8F98CF0E-E752-4493-8434-5746FB070D0F}.Release|x86.ActiveCfg = Release|Win32
		{8F98CF0E-E752-4493-8434-5746FB070D0F}.Release|x86.Build.0 = Release|Win32
		{C403F4E3-CED5-48D2-BB3A-11FB46674125}.Debug|x64.ActiveCfg = Debug|x64
		{C403F4E3-CED5-48D2-BB3A-11FB46674125}.Debug|x64.Build.0 = Debug|x64
		{C403F4E3-CED5-48D2-BB3A-11FB46674125}.Debug|x86.ActiveCfg = Debug|Win32
		{C403F4E3-CED5-48D2-BB3A-11FB46674125}.Debug|x86.Build.0 = Debug|Win32
		{C403F4E3-CED5-48D2-BB3A-11FB46674125}.Release|x64.ActiveCfg = Release|x64
		{C403F4E3-CED5-48D2-BB3A-11FB46674125}.Release|x64.Build.0 = Release|x64
		{C403F4E3-CED5-48D2-BB3A-11FB46674125}.Release|x86.ActiveCfg = Release|Win32
		{C403F4E3-CED5-48D2-BB3A-11FB46674125}.Release|x86.Build.0 = Release|Win32
		{5A3029F4-6336-4DC0-882D-29213F963ED1}.Debug|x64.ActiveCfg = Debug|x64
		{5A3029F4-6336-4DC0-882D-29213F963ED1}.Debug|x64.Build.0 = Debug|x64
		{5A3029F4-6336-4DC0-882D-29213F963ED1}.Debug|x86.ActiveCfg = Debug|Win32
		{5A3029F4-6336-4DC0-882D-29213F963ED1}.Debug|x86.Build.0 = Debug|Win32
		{5A3029F4-6336-4DC0-882D-29213F963ED1}.Release|x64.ActiveCfg = Release|x64
		{5A3029F4-6336-4DC0-882D-29213F963ED1}.Release|x64.Build.0 = Release|x64
		{5A3029F4-6336-4DC0-882D-29213F963ED1}.Release|x86.ActiveCfg = Release|Win32
		{5A3029F4-6336-4DC0-882D-29213F963ED1}.Release|x86.Build.0 = Release|Win32
		{A38CC109-8507-4A98-BC4F-7A6C962FC6F4}.Debug|x64.ActiveCfg = Debug|x64
		{A38CC109-8507-4A98-BC4F-7A6C962FC6F4}.Debug|x64.Build.0 = Debug|x64
		{A38CC109-8507-4A98-BC4F-7A6C962FC6F4}.Debug|x86.ActiveCfg = Debug|Win32
		{A38CC109-8507-4A98-BC4F-7A6C962FC6F4}.Debug|x86.Build.0 = Debug|Win32
		{A38CC109-8507-4A98-BC4F-7A6C962FC6F4}.Release|x64.ActiveCfg = Release|x64
		{A38CC109-8507-4A98-BC4F-7A6C962FC6F4}.Release|x64.Build.0 = Release|x64
		{A38CC109-8507-4A98-BC4F-7A6C962FC6F4}.Release|x86.ActiveCfg = Release|Win32
		{A38CC109-8507-4A98-BC4F-7A6C962FC6F4}.Release|x86.Build.0 = Release|Win32
		{D45E8F15-E066-488F-8B24-99010B2C3DAA}.Debug|x64.ActiveCfg = Debug|x64
		{D45E8F15-E066-488F-8B24-99010B2C3DAA}.Debug|x64.Build.0 = Debug|x64
		{D45E8F15-E066-488F-8B24-99010B2C3DAA}.Debug|x86.ActiveCfg = Debug|Win32
		{D45E8F15-E066-488F-8B24-99010B2C3DAA}.Debug|x86.Build.0 = Debug|Win32
		{D45E8F15-E066-488F-8B24-99010B2C3DAA}.Release|x64.ActiveCfg = Release|x64
		{D45E8F15-E066-488F-8B24-99010B2C3DAA}.Release|x64.Build.0 = Release|x64
		{D45E8F15-E066-488F-8B24-99010B2C3DAA}.Release|x86.ActiveCfg = Release|Win32
		{D45E8F15-E066-488F-8B24-99010B2C3DAA}.Release|x86.Build.0 = Release|Win32
		{EF0A502B-A5FF-4BD8-BF31-DB86F3064EDE}.Debug|x64.ActiveCfg = Debug|x64
		{EF0A502B-A5FF-4BD8-BF31-DB86F3064EDE}.Debug|x64.Build.0 = Debug|x64
		{EF0A502B-A5FF-4BD8-BF31-DB86F3064EDE}.Debug|x86.ActiveCfg = Debug|Win32
		{EF0A502B-A5FF-4BD8-BF31-DB86F3064EDE}.Debug|x86.Build.0 = Debug|Win32
		{EF0A502B-A5FF-4BD8-BF31-DB86F3064EDE}.Release|x64.ActiveCfg = Release|x64
		{EF0A502B-A5FF-4BD8-BF31-DB86F3064EDE}.Release|x64.Build.0 = Release|x64
		{EF0A502B-A5FF-4BD8-BF31-DB86F3064EDE}.Release|x86.ActiveCfg = Release|Win32
		{EF0A502B-A5FF-4BD8-BF31-DB86F3064EDE}.Release|x86.Build.0 = Release|Win32
		{1DC031BE-DD24-4B1A-8D26-DC085D91625F}.Debug|x64.ActiveCfg = Debug|x64
		{1DC031BE-DD24-4B1A-8D26-DC085D91625F}.Debug|x64.Build.0 = Debug|x64
		{1DC031BE-DD24-4B1A-8D26-DC085D91625F}.Debug|x86.ActiveCfg = Debug|Win32
		{1DC031BE-DD24-4B1A-8D26-DC085D91625F}.Debug|x86.Build.0 = Debug|Win32
		{1DC031BE-DD24-4B1A-8D26-DC085D91625F}.Release|x64.ActiveCfg = Release|x64
		{1DC031BE-DD24-4B1A-8D26-DC085D91625F}.Release|x64.Build.0 = Release|x64
		{1DC031BE-DD24-4B1A-8D26-DC085D91625F}.Release|x86.ActiveCfg = Release|Win32
		{1DC031BE-DD24-4B1A-8D26-DC085D91625F}.Release|x86.Build.0 = Release|Win32
		{8D6D2BA3-1641-4A56-8844-C1043D77536A}.Debug|x64.ActiveCfg = Debug|x64
		{8D6D2BA3-1641-4A56-8844-C1043D77536A}.Debug|x64.Build.0 = Debug|x64
		{8D6D2BA3-1641-4A56-8844-C1043D77536A}.Debug|x86.ActiveCfg = Debug|Win32
		{8D6D2BA3-1641-4A56-8844-C1043D77536A}.Debug|x86.Build.0 = Debug|Win32
		{8D6D2BA3-1641-4A56-8844-C1043D77536A}.Release|x64.ActiveCfg = Release|x64
		{8D6D2BA3-1641-4A56-8844-C1043D77536A}.Release|x64.Build.0 = Release|x64
		{8D6D2BA3-1641-4A56-8844-C1043D77536A}.Release|x86.ActiveCfg = Release|Win32
		{8D6D2BA3-1641-4A56-8844-C1043D77536A}.Release|x86.Build.0 = Release|Win32
		{6C373BDC-4739-42C3-B1E5-A4695C952ECF}.Debug|x64.ActiveCfg = Debug|x64
		{6C373BDC-4739-42C3-B1E5-A4695C952ECF}.Debug|x64.Build.0 = Debug|x64
		{6C373BDC-4739-42C3-B1E5-A4695C952ECF}.Debug|x86.ActiveCfg = Debug|Win32
		{6C373BDC-4739-42C3-B1E5-A4695C952ECF}.Debug|x86.Build.0 = Debug|Win32
		{6C373BDC-4739-42C3-B1E5-A4695C952ECF}.Release|x64.ActiveCfg = Release|x64
		{6C373BDC-4739-42C3-B1E5-A4695C952ECF}.Release|x64.Build.0 = Release|x64
		{6C373BDC-4739-42C3-B1E5-A4695C952ECF}.Release|x86.ActiveCfg = Release|Win32
		{6C373BDC-4739-42C3-B1E5-A4695C952ECF}.Release|x86.Build.0 = Release|Win32
	EndGlobalSection
	GlobalSection(SolutionProperties) = preSolution
		HideSolutionNode = FALSE
	EndGlobalSection
	GlobalSection(ExtensibilityGlobals) = postSolution
		SolutionGuid = {676CEE57-41AA-4C4D-A61B-E1EEE7C08DFC}
	EndGlobalSection
EndGlobal
